version = 1
requires-python = ">=3.13"

[[package]]
name = "attrs"
version = "24.2.0"
source = { registry = "https://pypi.org/simple" }
sdist = { url = "https://files.pythonhosted.org/packages/fc/0f/aafca9af9315aee06a89ffde799a10a582fe8de76c563ee80bbcdc08b3fb/attrs-24.2.0.tar.gz", hash = "sha256:5cfb1b9148b5b086569baec03f20d7b6bf3bcacc9a42bebf87ffaaca362f6346", size = 792678 }
wheels = [
    { url = "https://files.pythonhosted.org/packages/6a/21/5b6702a7f963e95456c0de2d495f67bf5fd62840ac655dc451586d23d39a/attrs-24.2.0-py3-none-any.whl", hash = "sha256:81921eb96de3191c8258c199618104dd27ac608d9366f5e35d011eae1867ede2", size = 63001 },
]

[[package]]
name = "aws-cdk-asset-awscli-v1"
version = "2.2.214"
source = { registry = "https://pypi.org/simple" }
dependencies = [
    { name = "jsii" },
    { name = "publication" },
    { name = "typeguard" },
]
sdist = { url = "https://files.pythonhosted.org/packages/53/48/ec6ed7875e447c52d6b959a384a005b2a643ba113fd674b4a920a0b5d636/aws_cdk_asset_awscli_v1-2.2.214.tar.gz", hash = "sha256:5e91b2fea73a50a85b713eca1be6d833879894399bb826e083b90bc1750b48b6", size = 17715687 }
wheels = [
    { url = "https://files.pythonhosted.org/packages/65/1f/117182658a26191bf192857a4ec82d3e23feef06a89f3683d2c4efa11abb/aws_cdk.asset_awscli_v1-2.2.214-py3-none-any.whl", hash = "sha256:7dfc5e2570ee48a9d1b12ba326837d0b7923a91f765b439c17fc41184a2c96ec", size = 17714136 },
]

[[package]]
name = "aws-cdk-asset-kubectl-v20"
version = "2.1.3"
source = { registry = "https://pypi.org/simple" }
dependencies = [
    { name = "jsii" },
    { name = "publication" },
    { name = "typeguard" },
]
sdist = { url = "https://files.pythonhosted.org/packages/02/4d/ac201fe98ba6ce58c21f7a90722205a59b58d211e5fcc94054320390c131/aws_cdk_asset_kubectl_v20-2.1.3.tar.gz", hash = "sha256:237cd8530d9e8be0bbc7159af927dbb6b7f91bf3f4099c8ef4d9a213b34264be", size = 25455300 }
wheels = [
    { url = "https://files.pythonhosted.org/packages/0d/e1/390735bd346e97e8172e7c59a7766829419fc6638dcc40492495f7520fff/aws_cdk.asset_kubectl_v20-2.1.3-py3-none-any.whl", hash = "sha256:d5612e5bd03c215a28ce53193b1144ecf4e93b3b6779563c046a8a74d83a3979", size = 25453858 },
]

[[package]]
name = "aws-cdk-asset-node-proxy-agent-v6"
version = "2.1.0"
source = { registry = "https://pypi.org/simple" }
dependencies = [
    { name = "jsii" },
    { name = "publication" },
    { name = "typeguard" },
]
sdist = { url = "https://files.pythonhosted.org/packages/d5/ab/09ac3ecc0067988d02398328e088d66cbe8555c991563c8ddfa1db5296ae/aws_cdk_asset_node_proxy_agent_v6-2.1.0.tar.gz", hash = "sha256:1f292c0631f86708ba4ee328b3a2b229f7e46ea1c79fbde567ee9eb119c2b0e2", size = 1540231 }
wheels = [
    { url = "https://files.pythonhosted.org/packages/8d/86/1817a6da223aa80aeb94a504f07f930170284694b18f6053729e9930cc6a/aws_cdk.asset_node_proxy_agent_v6-2.1.0-py3-none-any.whl", hash = "sha256:24a388b69a44d03bae6dbf864c4e25ba650d4b61c008b4568b94ffbb9a69e40e", size = 1538724 },
]

[[package]]
name = "aws-cdk-aws-apprunner-alpha"
version = "2.173.0a0"
source = { registry = "https://pypi.org/simple" }
dependencies = [
    { name = "aws-cdk-lib" },
    { name = "constructs" },
    { name = "jsii" },
    { name = "publication" },
    { name = "typeguard" },
]
sdist = { url = "https://files.pythonhosted.org/packages/14/1e/3b719c98cae35522dac15adc1862430d4d93066638fcb366adbd2c22f7bc/aws_cdk_aws_apprunner_alpha-2.173.0a0.tar.gz", hash = "sha256:24afd331efcd8f6c5985de7fd85d7cb52b71d789bc2cd94c515d16ba476d8d07", size = 163104 }
wheels = [
    { url = "https://files.pythonhosted.org/packages/e2/9c/36744b30ceab397174ce45b5aa2ea0486eff2836954759bd7c28bc736db4/aws_cdk.aws_apprunner_alpha-2.173.0a0-py3-none-any.whl", hash = "sha256:8dec062353403a0e5aebfc1ae34684b7a1599945a94773e4df998f1ec2371b2c", size = 161010 },
]

[[package]]
name = "aws-cdk-cloud-assembly-schema"
version = "38.0.1"
source = { registry = "https://pypi.org/simple" }
dependencies = [
    { name = "jsii" },
    { name = "publication" },
    { name = "typeguard" },
]
sdist = { url = "https://files.pythonhosted.org/packages/4c/a5/24a136e9d0a2d63efee0181a31d8878e3ce2a7428af416fa6d0d3ddb2347/aws_cdk_cloud_assembly_schema-38.0.1.tar.gz", hash = "sha256:7c75861adc41f7b959910d4b3b191ea242815402e599dbfa31934892838ae25e", size = 183649 }
wheels = [
    { url = "https://files.pythonhosted.org/packages/11/1c/5c45607b94c0f756e6d05ff1fc3bb6705c51b5b1e1862905cba2af818c40/aws_cdk.cloud_assembly_schema-38.0.1-py3-none-any.whl", hash = "sha256:92613b46213b460681e9424f09b77f06ff059eb1c773092540364ef82fcecf55", size = 182242 },
]

[[package]]
name = "aws-cdk-lib"
version = "2.173.0"
source = { registry = "https://pypi.org/simple" }
dependencies = [
    { name = "aws-cdk-asset-awscli-v1" },
    { name = "aws-cdk-asset-kubectl-v20" },
    { name = "aws-cdk-asset-node-proxy-agent-v6" },
    { name = "aws-cdk-cloud-assembly-schema" },
    { name = "constructs" },
    { name = "jsii" },
    { name = "publication" },
    { name = "typeguard" },
]
sdist = { url = "https://files.pythonhosted.org/packages/75/60/b4443d703d469101ef8185b5a4fa507988fec727b299c9ef411cfb841462/aws_cdk_lib-2.173.0.tar.gz", hash = "sha256:fe6bd9d7cd8513e60d89c22acf01cf47f805a3bd2eaa3849c70128e5ec5a047b", size = 38093029 }
wheels = [
    { url = "https://files.pythonhosted.org/packages/23/9c/13b8f5f524653feb947a0c3b4c6167d40d722894f330706aec0fc62d6978/aws_cdk_lib-2.173.0-py3-none-any.whl", hash = "sha256:c5ee5130df62263e51c6071c6572bb8fbede679ef19071b9c1fbb6e174a3bc92", size = 38363510 },
]

[[package]]
name = "cattrs"
version = "24.1.2"
source = { registry = "https://pypi.org/simple" }
dependencies = [
    { name = "attrs" },
]
sdist = { url = "https://files.pythonhosted.org/packages/64/65/af6d57da2cb32c076319b7489ae0958f746949d407109e3ccf4d115f147c/cattrs-24.1.2.tar.gz", hash = "sha256:8028cfe1ff5382df59dd36474a86e02d817b06eaf8af84555441bac915d2ef85", size = 426462 }
wheels = [
    { url = "https://files.pythonhosted.org/packages/c8/d5/867e75361fc45f6de75fe277dd085627a9db5ebb511a87f27dc1396b5351/cattrs-24.1.2-py3-none-any.whl", hash = "sha256:67c7495b760168d931a10233f979b28dc04daf853b30752246f4f8471c6d68d0", size = 66446 },
]

[[package]]
name = "constructs"
version = "10.4.2"
source = { registry = "https://pypi.org/simple" }
dependencies = [
    { name = "jsii" },
    { name = "publication" },
    { name = "typeguard" },
]
sdist = { url = "https://files.pythonhosted.org/packages/46/84/f608a0a71a05a476b2f1761ab8f3f776677d39f7996ecf1092a1ce741a7c/constructs-10.4.2.tar.gz", hash = "sha256:ce54724360fffe10bab27d8a081844eb81f5ace7d7c62c84b719c49f164d5307", size = 65434 }
wheels = [
    { url = "https://files.pythonhosted.org/packages/f2/d9/c5e7458f323bf063a9a54200742f2494e2ce3c7c6873e0ff80f88033c75f/constructs-10.4.2-py3-none-any.whl", hash = "sha256:1f0f59b004edebfde0f826340698b8c34611f57848139b7954904c61645f13c1", size = 63509 },
]

[[package]]
name = "container-infra"
version = "0.1.0"
source = { virtual = "." }
dependencies = [
    { name = "aws-cdk-aws-apprunner-alpha" },
    { name = "aws-cdk-lib" },
]

[package.metadata]
requires-dist = [
    { name = "aws-cdk-aws-apprunner-alpha", specifier = ">=2.173.0a0" },
    { name = "aws-cdk-lib", specifier = ">=2.173.0" },
]

[[package]]
name = "importlib-resources"
version = "6.4.5"
source = { registry = "https://pypi.org/simple" }
sdist = { url = "https://files.pythonhosted.org/packages/98/be/f3e8c6081b684f176b761e6a2fef02a0be939740ed6f54109a2951d806f3/importlib_resources-6.4.5.tar.gz", hash = "sha256:980862a1d16c9e147a59603677fa2aa5fd82b87f223b6cb870695bcfce830065", size = 43372 }
wheels = [
    { url = "https://files.pythonhosted.org/packages/e1/6a/4604f9ae2fa62ef47b9de2fa5ad599589d28c9fd1d335f32759813dfa91e/importlib_resources-6.4.5-py3-none-any.whl", hash = "sha256:ac29d5f956f01d5e4bb63102a5a19957f1b9175e45649977264a1416783bb717", size = 36115 },
]

[[package]]
name = "jsii"
version = "1.105.0"
source = { registry = "https://pypi.org/simple" }
dependencies = [
    { name = "attrs" },
    { name = "cattrs" },
    { name = "importlib-resources" },
    { name = "publication" },
    { name = "python-dateutil" },
    { name = "typeguard" },
    { name = "typing-extensions" },
]
sdist = { url = "https://files.pythonhosted.org/packages/e2/9f/9ae12d269a0ae38473909f5796a37b5944dc56b1695838241b34f7d83930/jsii-1.105.0.tar.gz", hash = "sha256:435682d509e628e6f8a765b017102e6fcd553f4d0f6b3417b3f7eb295c2e0d1f", size = 578858 }
wheels = [
    { url = "https://files.pythonhosted.org/packages/c8/b8/697a78425c9d4b522723d797efd15faf05e878e0ba69d5e1bf2c7d81df53/jsii-1.105.0-py3-none-any.whl", hash = "sha256:8888088479b449db6d8e3a7df25434ec4580bf4fc13f4f952e9db5f2a3fc0c0f", size = 554758 },
]

[[package]]
name = "publication"
version = "0.0.3"
source = { registry = "https://pypi.org/simple" }
sdist = { url = "https://files.pythonhosted.org/packages/6b/8e/8c9fe7e32fdf9c386f83d59610cc819a25dadb874b5920f2d0ef7d35f46d/publication-0.0.3.tar.gz", hash = "sha256:68416a0de76dddcdd2930d1c8ef853a743cc96c82416c4e4d3b5d901c6276dc4", size = 5484 }
wheels = [
    { url = "https://files.pythonhosted.org/packages/f8/d3/6308debad7afcdb3ea5f50b4b3d852f41eb566a311fbcb4da23755a28155/publication-0.0.3-py2.py3-none-any.whl", hash = "sha256:0248885351febc11d8a1098d5c8e3ab2dabcf3e8c0c96db1e17ecd12b53afbe6", size = 7687 },
]

[[package]]
name = "python-dateutil"
version = "2.9.0.post0"
source = { registry = "https://pypi.org/simple" }
dependencies = [
    { name = "six" },
]
sdist = { url = "https://files.pythonhosted.org/packages/66/c0/0c8b6ad9f17a802ee498c46e004a0eb49bc148f2fd230864601a86dcf6db/python-dateutil-2.9.0.post0.tar.gz", hash = "sha256:37dd54208da7e1cd875388217d5e00ebd4179249f90fb72437e91a35459a0ad3", size = 342432 }
wheels = [
    { url = "https://files.pythonhosted.org/packages/ec/57/56b9bcc3c9c6a792fcbaf139543cee77261f3651ca9da0c93f5c1221264b/python_dateutil-2.9.0.post0-py2.py3-none-any.whl", hash = "sha256:a8b2bc7bffae282281c8140a97d3aa9c14da0b136dfe83f850eea9a5f7470427", size = 229892 },
]

[[package]]
name = "six"
version = "1.17.0"
source = { registry = "https://pypi.org/simple" }
sdist = { url = "https://files.pythonhosted.org/packages/94/e7/b2c673351809dca68a0e064b6af791aa332cf192da575fd474ed7d6f16a2/six-1.17.0.tar.gz", hash = "sha256:ff70335d468e7eb6ec65b95b99d3a2836546063f63acc5171de367e834932a81", size = 34031 }
wheels = [
    { url = "https://files.pythonhosted.org/packages/b7/ce/149a00dd41f10bc29e5921b496af8b574d8413afcd5e30dfa0ed46c2cc5e/six-1.17.0-py2.py3-none-any.whl", hash = "sha256:4721f391ed90541fddacab5acf947aa0d3dc7d27b2e1e8eda2be8970586c3274", size = 11050 },
]

[[package]]
name = "typeguard"
version = "2.13.3"
source = { registry = "https://pypi.org/simple" }
sdist = { url = "https://files.pythonhosted.org/packages/3a/38/c61bfcf62a7b572b5e9363a802ff92559cb427ee963048e1442e3aef7490/typeguard-2.13.3.tar.gz", hash = "sha256:00edaa8da3a133674796cf5ea87d9f4b4c367d77476e185e80251cc13dfbb8c4", size = 40604 }
wheels = [
    { url = "https://files.pythonhosted.org/packages/9a/bb/d43e5c75054e53efce310e79d63df0ac3f25e34c926be5dffb7d283fb2a8/typeguard-2.13.3-py3-none-any.whl", hash = "sha256:5e3e3be01e887e7eafae5af63d1f36c849aaa94e3a0112097312aabfa16284f1", size = 17605 },
]

[[package]]
name = "typing-extensions"
version = "4.12.2"
source = { registry = "https://pypi.org/simple" }
sdist = { url = "https://files.pythonhosted.org/packages/df/db/f35a00659bc03fec321ba8bce9420de607a1d37f8342eee1863174c69557/typing_extensions-4.12.2.tar.gz", hash = "sha256:1a7ead55c7e559dd4dee8856e3a88b41225abfe1ce8df57b7c13915fe121ffb8", size = 85321 }
wheels = [
    { url = "https://files.pythonhosted.org/packages/26/9f/ad63fc0248c5379346306f8668cda6e2e2e9c95e01216d2b8ffd9ff037d0/typing_extensions-4.12.2-py3-none-any.whl", hash = "sha256:04e5ca0351e0f3f85c6853954072df659d0d13fac324d0072316b67d7794700d", size = 37438 },
]
